
Microsoft Visual Studio Solution File, Format Version 12.00
Project("{FAE04EC0-301F-11D3-BF4B-00C04F79EFBC}") = "WebApiQuiz", "WebApiQuiz\WebApiQuiz.csproj", "{3747BF97-B02A-4562-ADC3-A6548C56809C}"
EndProject
Global
	GlobalSection(SolutionConfigurationPlatforms) = preSolution
		Debug|Any CPU = Debug|Any CPU
		Release|Any CPU = Release|Any CPU
	EndGlobalSection
	GlobalSection(ProjectConfigurationPlatforms) = postSolution
		{3747BF97-B02A-4562-ADC3-A6548C56809C}.Debug|Any CPU.ActiveCfg = Debug|Any CPU
		{3747BF97-B02A-4562-ADC3-A6548C56809C}.Debug|Any CPU.Build.0 = Debug|Any CPU
		{3747BF97-B02A-4562-ADC3-A6548C56809C}.Release|Any CPU.ActiveCfg = Release|Any CPU
		{3747BF97-B02A-4562-ADC3-A6548C56809C}.Release|Any CPU.Build.0 = Release|Any CPU
	EndGlobalSection
EndGlobal
